
Microsoft Visual Studio Solution File, Format Version 12.00
# Visual Studio Version 17
VisualStudioVersion = 17.7.34024.191
MinimumVisualStudioVersion = 10.0.40219.1
Project("{FAE04EC0-301F-11D3-BF4B-00C04F79EFBC}") = "ClassCode", "ClassCode\ClassCode.csproj", "{9B37E9AC-D31E-4405-BAA9-D877FC493B62}"
EndProject
Global
	GlobalSection(SolutionConfigurationPlatforms) = preSolution
		Debug|Any CPU = Debug|Any CPU
		Release|Any CPU = Release|Any CPU
	EndGlobalSection
	GlobalSection(ProjectConfigurationPlatforms) = postSolution
		{9B37E9AC-D31E-4405-BAA9-D877FC493B62}.Debug|Any CPU.ActiveCfg = Debug|Any CPU
		{9B37E9AC-D31E-4405-BAA9-D877FC493B62}.Debug|Any CPU.Build.0 = Debug|Any CPU
		{9B37E9AC-D31E-4405-BAA9-D877FC493B62}.Release|Any CPU.ActiveCfg = Release|Any CPU
		{9B37E9AC-D31E-4405-BAA9-D877FC493B62}.Release|Any CPU.Build.0 = Release|Any CPU
	EndGlobalSection
	GlobalSection(SolutionProperties) = preSolution
		HideSolutionNode = FALSE
	EndGlobalSection
	GlobalSection(ExtensibilityGlobals) = postSolution
		SolutionGuid = {B32696CC-18EE-4C02-AA06-572A21DBBE02}
	EndGlobalSection
EndGlobal
